
Microsoft Visual Studio Solution File, Format Version 12.00
# Visual Studio Version 17
VisualStudioVersion = 17.9.34728.123
MinimumVisualStudioVersion = 10.0.40219.1
<<<<<<< HEAD
Project("{9A19103F-16F7-4668-BE54-9A1E7A4F7556}") = "Satizen_Api", "Satizen_Api.csproj", "{3134DFF1-D17E-4A3C-BA3D-8F95151C9309}"
=======
<<<<<<< HEAD
Project("{9A19103F-16F7-4668-BE54-9A1E7A4F7556}") = "Satizen_Api", "Satizen_Api.csproj", "{273DBA30-B171-41B0-BFB7-BAB9B4C218CA}"
=======
Project("{9A19103F-16F7-4668-BE54-9A1E7A4F7556}") = "Satizen_Api", "Satizen_Api.csproj", "{9A9FE053-4232-4BA2-B5F6-C798CF84CF52}"
>>>>>>> origin/alexander
>>>>>>> 29432b7d8f7fa3b8d621a78c9709f10ecc269591
EndProject
Global
	GlobalSection(SolutionConfigurationPlatforms) = preSolution
		Debug|Any CPU = Debug|Any CPU
		Release|Any CPU = Release|Any CPU
	EndGlobalSection
	GlobalSection(ProjectConfigurationPlatforms) = postSolution
<<<<<<< HEAD
		{3134DFF1-D17E-4A3C-BA3D-8F95151C9309}.Debug|Any CPU.ActiveCfg = Debug|Any CPU
		{3134DFF1-D17E-4A3C-BA3D-8F95151C9309}.Debug|Any CPU.Build.0 = Debug|Any CPU
		{3134DFF1-D17E-4A3C-BA3D-8F95151C9309}.Release|Any CPU.ActiveCfg = Release|Any CPU
		{3134DFF1-D17E-4A3C-BA3D-8F95151C9309}.Release|Any CPU.Build.0 = Release|Any CPU
=======
<<<<<<< HEAD
		{273DBA30-B171-41B0-BFB7-BAB9B4C218CA}.Debug|Any CPU.ActiveCfg = Debug|Any CPU
		{273DBA30-B171-41B0-BFB7-BAB9B4C218CA}.Debug|Any CPU.Build.0 = Debug|Any CPU
		{273DBA30-B171-41B0-BFB7-BAB9B4C218CA}.Release|Any CPU.ActiveCfg = Release|Any CPU
		{273DBA30-B171-41B0-BFB7-BAB9B4C218CA}.Release|Any CPU.Build.0 = Release|Any CPU
=======
		{9A9FE053-4232-4BA2-B5F6-C798CF84CF52}.Debug|Any CPU.ActiveCfg = Debug|Any CPU
		{9A9FE053-4232-4BA2-B5F6-C798CF84CF52}.Debug|Any CPU.Build.0 = Debug|Any CPU
		{9A9FE053-4232-4BA2-B5F6-C798CF84CF52}.Release|Any CPU.ActiveCfg = Release|Any CPU
		{9A9FE053-4232-4BA2-B5F6-C798CF84CF52}.Release|Any CPU.Build.0 = Release|Any CPU
>>>>>>> origin/alexander
>>>>>>> 29432b7d8f7fa3b8d621a78c9709f10ecc269591
	EndGlobalSection
	GlobalSection(SolutionProperties) = preSolution
		HideSolutionNode = FALSE
	EndGlobalSection
	GlobalSection(ExtensibilityGlobals) = postSolution
<<<<<<< HEAD
		SolutionGuid = {535BCD5C-8EB5-4D5F-B9CF-14B34090DCB4}
=======
<<<<<<< HEAD
		SolutionGuid = {5CD01176-068B-4198-8220-F0809BE24AF3}
=======
		SolutionGuid = {3EE74EAF-3ADB-410E-AF55-F6DDE50CE534}
>>>>>>> origin/alexander
>>>>>>> 29432b7d8f7fa3b8d621a78c9709f10ecc269591
	EndGlobalSection
EndGlobal
