
Microsoft Visual Studio Solution File, Format Version 12.00
# Visual Studio Version 17
VisualStudioVersion = 17.9.34902.65
MinimumVisualStudioVersion = 10.0.40219.1
Project("{9A19103F-16F7-4668-BE54-9A1E7A4F7556}") = "Satizen_Api", "Satizen_Api.csproj", "{D19D28D8-4E49-45B9-8643-DBAEBB972311}"
EndProject
Global
	GlobalSection(SolutionConfigurationPlatforms) = preSolution
		Debug|Any CPU = Debug|Any CPU
		Release|Any CPU = Release|Any CPU
	EndGlobalSection
	GlobalSection(ProjectConfigurationPlatforms) = postSolution
		{D19D28D8-4E49-45B9-8643-DBAEBB972311}.Debug|Any CPU.ActiveCfg = Debug|Any CPU
		{D19D28D8-4E49-45B9-8643-DBAEBB972311}.Debug|Any CPU.Build.0 = Debug|Any CPU
		{D19D28D8-4E49-45B9-8643-DBAEBB972311}.Release|Any CPU.ActiveCfg = Release|Any CPU
		{D19D28D8-4E49-45B9-8643-DBAEBB972311}.Release|Any CPU.Build.0 = Release|Any CPU
	EndGlobalSection
	GlobalSection(SolutionProperties) = preSolution
		HideSolutionNode = FALSE
	EndGlobalSection
	GlobalSection(ExtensibilityGlobals) = postSolution
		SolutionGuid = {0B234B8C-5774-4101-B2CE-1D29ADF24CA0}
	EndGlobalSection
EndGlobal
