
Microsoft Visual Studio Solution File, Format Version 12.00
# Visual Studio Version 17
VisualStudioVersion = 17.9.34728.123
MinimumVisualStudioVersion = 10.0.40219.1
Project("{9A19103F-16F7-4668-BE54-9A1E7A4F7556}") = "Satizen_Api", "Satizen_Api.csproj", "{273DBA30-B171-41B0-BFB7-BAB9B4C218CA}"
EndProject
Global
	GlobalSection(SolutionConfigurationPlatforms) = preSolution
		Debug|Any CPU = Debug|Any CPU
		Release|Any CPU = Release|Any CPU
	EndGlobalSection
	GlobalSection(ProjectConfigurationPlatforms) = postSolution
		{273DBA30-B171-41B0-BFB7-BAB9B4C218CA}.Debug|Any CPU.ActiveCfg = Debug|Any CPU
		{273DBA30-B171-41B0-BFB7-BAB9B4C218CA}.Debug|Any CPU.Build.0 = Debug|Any CPU
		{273DBA30-B171-41B0-BFB7-BAB9B4C218CA}.Release|Any CPU.ActiveCfg = Release|Any CPU
		{273DBA30-B171-41B0-BFB7-BAB9B4C218CA}.Release|Any CPU.Build.0 = Release|Any CPU
	EndGlobalSection
	GlobalSection(SolutionProperties) = preSolution
		HideSolutionNode = FALSE
	EndGlobalSection
	GlobalSection(ExtensibilityGlobals) = postSolution
		SolutionGuid = {3EE74EAF-3ADB-410E-AF55-F6DDE50CE534}
	EndGlobalSection
EndGlobal
